Microsoft Visual Studio Solution File, Format Version 12.00
# Visual Studio Version 18
VisualStudioVersion = 18.0.10910.18
MinimumVisualStudioVersion = 10.0.40219.1
Project("{FAE04EC0-301F-11D3-BF4B-00C04F79EFBC}") = "DocumentUploadAPI", "DocumentUploadAPI\DocumentUploadAPI.csproj", "{539F6284-3E46-D384-B7FE-03FDA3F490C3}"
EndProject
Project("{2150E333-8FDC-42A3-9474-1A3956D46DE8}") = "deployment", "deployment", "{02EA681E-C7D8-13C7-8484-4AC65E1B71E8}"
	ProjectSection(SolutionItems) = preProject
		deployment\.env.example = deployment\.env.example
		deployment\docker-compose.prod.yml = deployment\docker-compose.prod.yml
		deployment\docker-compose.yml = deployment\docker-compose.yml
		deployment\README.md = deployment\README.md
	EndProjectSection
EndProject
Project("{E53339B2-1760-4266-BCC7-CA923CBCF16C}") = "docker-compose", "deployment\docker-compose.dcproj", "{81DDED9D-158B-E303-5F62-77A2896D2A5A}"
EndProject
Global
	GlobalSection(SolutionConfigurationPlatforms) = preSolution
		Debug|Any CPU = Debug|Any CPU
		Release|Any CPU = Release|Any CPU
	EndGlobalSection
	GlobalSection(ProjectConfigurationPlatforms) = postSolution
		{539F6284-3E46-D384-B7FE-03FDA3F490C3}.Debug|Any CPU.ActiveCfg = Debug|Any CPU
		{539F6284-3E46-D384-B7FE-03FDA3F490C3}.Debug|Any CPU.Build.0 = Debug|Any CPU
		{539F6284-3E46-D384-B7FE-03FDA3F490C3}.Release|Any CPU.ActiveCfg = Release|Any CPU
		{539F6284-3E46-D384-B7FE-03FDA3F490C3}.Release|Any CPU.Build.0 = Release|Any CPU
		{81DDED9D-158B-E303-5F62-77A2896D2A5A}.Debug|Any CPU.ActiveCfg = Debug|Any CPU
		{81DDED9D-158B-E303-5F62-77A2896D2A5A}.Debug|Any CPU.Build.0 = Debug|Any CPU
		{81DDED9D-158B-E303-5F62-77A2896D2A5A}.Release|Any CPU.ActiveCfg = Release|Any CPU
		{81DDED9D-158B-E303-5F62-77A2896D2A5A}.Release|Any CPU.Build.0 = Release|Any CPU
	EndGlobalSection
	GlobalSection(SolutionProperties) = preSolution
		HideSolutionNode = FALSE
	EndGlobalSection
	GlobalSection(NestedProjects) = preSolution
		{81DDED9D-158B-E303-5F62-77A2896D2A5A} = {02EA681E-C7D8-13C7-8484-4AC65E1B71E8}
	EndGlobalSection
	GlobalSection(ExtensibilityGlobals) = postSolution
		SolutionGuid = {4057766E-8ADA-41F9-AEEB-9408A4B73330}
	EndGlobalSection
EndGlobal
